
Microsoft Visual Studio Solution File, Format Version 12.00
# Visual Studio Version 17
VisualStudioVersion = 17.4.33110.190
MinimumVisualStudioVersion = 10.0.40219.1
Project("{9A19103F-16F7-4668-BE54-9A1E7A4F7556}") = "Console", "Console\Console.csproj", "{A8037C0B-E8E4-4C61-A3E9-8C97F29F01F8}"
EndProject
Project("{9A19103F-16F7-4668-BE54-9A1E7A4F7556}") = "Tests", "Tests\Tests.csproj", "{06A0E623-D357-4E03-B38D-259BAF9365B7}"
EndProject
Project("{9A19103F-16F7-4668-BE54-9A1E7A4F7556}") = "Core", "Core\Core.csproj", "{4555B2C8-14E4-4883-B76A-43F1B6414080}"
EndProject
Project("{FAE04EC0-301F-11D3-BF4B-00C04F79EFBC}") = "DumpToAzureWebJob", "DumpToAzureWebJob\DumpToAzureWebJob.csproj", "{8BF9D793-895C-436F-A130-6D226DC87646}"
EndProject
Project("{FAE04EC0-301F-11D3-BF4B-00C04F79EFBC}") = "DumpToAzureClientConsole", "DumpToAzureClientConsole\DumpToAzureClientConsole.csproj", "{28988113-6096-4CBD-BD04-8ED960B39623}"
EndProject
Global
	GlobalSection(SolutionConfigurationPlatforms) = preSolution
		Debug|Any CPU = Debug|Any CPU
		Release|Any CPU = Release|Any CPU
	EndGlobalSection
	GlobalSection(ProjectConfigurationPlatforms) = postSolution
		{A8037C0B-E8E4-4C61-A3E9-8C97F29F01F8}.Debug|Any CPU.ActiveCfg = Debug|Any CPU
		{A8037C0B-E8E4-4C61-A3E9-8C97F29F01F8}.Debug|Any CPU.Build.0 = Debug|Any CPU
		{A8037C0B-E8E4-4C61-A3E9-8C97F29F01F8}.Release|Any CPU.ActiveCfg = Release|Any CPU
		{A8037C0B-E8E4-4C61-A3E9-8C97F29F01F8}.Release|Any CPU.Build.0 = Release|Any CPU
		{06A0E623-D357-4E03-B38D-259BAF9365B7}.Debug|Any CPU.ActiveCfg = Debug|Any CPU
		{06A0E623-D357-4E03-B38D-259BAF9365B7}.Debug|Any CPU.Build.0 = Debug|Any CPU
		{06A0E623-D357-4E03-B38D-259BAF9365B7}.Release|Any CPU.ActiveCfg = Release|Any CPU
		{06A0E623-D357-4E03-B38D-259BAF9365B7}.Release|Any CPU.Build.0 = Release|Any CPU
		{4555B2C8-14E4-4883-B76A-43F1B6414080}.Debug|Any CPU.ActiveCfg = Debug|Any CPU
		{4555B2C8-14E4-4883-B76A-43F1B6414080}.Debug|Any CPU.Build.0 = Debug|Any CPU
		{4555B2C8-14E4-4883-B76A-43F1B6414080}.Release|Any CPU.ActiveCfg = Release|Any CPU
		{4555B2C8-14E4-4883-B76A-43F1B6414080}.Release|Any CPU.Build.0 = Release|Any CPU
		{8BF9D793-895C-436F-A130-6D226DC87646}.Debug|Any CPU.ActiveCfg = Debug|Any CPU
		{8BF9D793-895C-436F-A130-6D226DC87646}.Debug|Any CPU.Build.0 = Debug|Any CPU
		{8BF9D793-895C-436F-A130-6D226DC87646}.Release|Any CPU.ActiveCfg = Release|Any CPU
		{8BF9D793-895C-436F-A130-6D226DC87646}.Release|Any CPU.Build.0 = Release|Any CPU
		{28988113-6096-4CBD-BD04-8ED960B39623}.Debug|Any CPU.ActiveCfg = Debug|Any CPU
		{28988113-6096-4CBD-BD04-8ED960B39623}.Debug|Any CPU.Build.0 = Debug|Any CPU
		{28988113-6096-4CBD-BD04-8ED960B39623}.Release|Any CPU.ActiveCfg = Release|Any CPU
		{28988113-6096-4CBD-BD04-8ED960B39623}.Release|Any CPU.Build.0 = Release|Any CPU
	EndGlobalSection
	GlobalSection(SolutionProperties) = preSolution
		HideSolutionNode = FALSE
	EndGlobalSection
	GlobalSection(ExtensibilityGlobals) = postSolution
		SolutionGuid = {90BB753B-863F-41CD-BF11-7BDF38DBD44C}
	EndGlobalSection
EndGlobal
